
Microsoft Visual Studio Solution File, Format Version 12.00
# Visual Studio Version 18
VisualStudioVersion = 18.1.11312.151 d18.0
MinimumVisualStudioVersion = 10.0.40219.1
Project("{FAE04EC0-301F-11D3-BF4B-00C04F79EFBC}") = "BFlatTest", "BFlatTest\BFlatTest.csproj", "{E8EF9713-D1F2-4915-8001-DCCD54C9F5A8}"
EndProject
Project("{FAE04EC0-301F-11D3-BF4B-00C04F79EFBC}") = "FishFormats", "FishFormats\FishFormats.csproj", "{D9F6AF34-9417-4E35-844F-82913E55FFDF}"
EndProject
Global
	GlobalSection(SolutionConfigurationPlatforms) = preSolution
		Debug|Any CPU = Debug|Any CPU
		Release|Any CPU = Release|Any CPU
	EndGlobalSection
	GlobalSection(ProjectConfigurationPlatforms) = postSolution
		{E8EF9713-D1F2-4915-8001-DCCD54C9F5A8}.Debug|Any CPU.ActiveCfg = Debug|Any CPU
		{E8EF9713-D1F2-4915-8001-DCCD54C9F5A8}.Debug|Any CPU.Build.0 = Debug|Any CPU
		{E8EF9713-D1F2-4915-8001-DCCD54C9F5A8}.Release|Any CPU.ActiveCfg = Release|Any CPU
		{E8EF9713-D1F2-4915-8001-DCCD54C9F5A8}.Release|Any CPU.Build.0 = Release|Any CPU
		{D9F6AF34-9417-4E35-844F-82913E55FFDF}.Debug|Any CPU.ActiveCfg = Debug|Any CPU
		{D9F6AF34-9417-4E35-844F-82913E55FFDF}.Debug|Any CPU.Build.0 = Debug|Any CPU
		{D9F6AF34-9417-4E35-844F-82913E55FFDF}.Release|Any CPU.ActiveCfg = Release|Any CPU
		{D9F6AF34-9417-4E35-844F-82913E55FFDF}.Release|Any CPU.Build.0 = Release|Any CPU
	EndGlobalSection
	GlobalSection(SolutionProperties) = preSolution
		HideSolutionNode = FALSE
	EndGlobalSection
	GlobalSection(ExtensibilityGlobals) = postSolution
		SolutionGuid = {F1859347-77A7-449E-A5D8-709C53D03180}
	EndGlobalSection
EndGlobal
